
Microsoft Visual Studio Solution File, Format Version 12.00
# Visual Studio Version 17
VisualStudioVersion = 17.8.34330.188
MinimumVisualStudioVersion = 10.0.40219.1
Project("{9A19103F-16F7-4668-BE54-9A1E7A4F7556}") = "AKI.TelegramBot", "src\AKI.TelegramBot\AKI.TelegramBot.csproj", "{E36A64A0-CCAF-4FEE-91E5-B7369961779B}"
EndProject
Project("{9A19103F-16F7-4668-BE54-9A1E7A4F7556}") = "AKI.TelegramBot.ClientUtils", "src\AKI.TelegramBot.ClientUtils\AKI.TelegramBot.ClientUtils.csproj", "{92F509B6-93EF-4067-B95B-EC02730F8905}"
EndProject
Project("{9A19103F-16F7-4668-BE54-9A1E7A4F7556}") = "AKI.TelegramBot.Hosting", "src\AKI.TelegramBot.Hosting\AKI.TelegramBot.Hosting.csproj", "{3B925EA5-3B93-4208-A252-D2DF64DE0FF7}"
EndProject
Project("{2150E333-8FDC-42A3-9474-1A3956D46DE8}") = ".config", ".config", "{5511B772-15B3-4FB9-9152-1D0E0A88870D}"
	ProjectSection(SolutionItems) = preProject
		.editorconfig = .editorconfig
		.gitignore = .gitignore
		global.json = global.json
		nuget.config = nuget.config
		README.md = README.md
	EndProjectSection
EndProject
Project("{2150E333-8FDC-42A3-9474-1A3956D46DE8}") = "ci", "ci", "{ED1EB3C3-4322-46F0-B2D1-855630C62C56}"
	ProjectSection(SolutionItems) = preProject
		.github\workflows\publish.yml = .github\workflows\publish.yml
		.github\workflows\divided.yml = .github\workflows\divided.yml
	EndProjectSection
EndProject
Global
	GlobalSection(SolutionConfigurationPlatforms) = preSolution
		Debug|Any CPU = Debug|Any CPU
		Release|Any CPU = Release|Any CPU
	EndGlobalSection
	GlobalSection(ProjectConfigurationPlatforms) = postSolution
		{E36A64A0-CCAF-4FEE-91E5-B7369961779B}.Debug|Any CPU.ActiveCfg = Debug|Any CPU
		{E36A64A0-CCAF-4FEE-91E5-B7369961779B}.Debug|Any CPU.Build.0 = Debug|Any CPU
		{E36A64A0-CCAF-4FEE-91E5-B7369961779B}.Release|Any CPU.ActiveCfg = Release|Any CPU
		{E36A64A0-CCAF-4FEE-91E5-B7369961779B}.Release|Any CPU.Build.0 = Release|Any CPU
		{92F509B6-93EF-4067-B95B-EC02730F8905}.Debug|Any CPU.ActiveCfg = Debug|Any CPU
		{92F509B6-93EF-4067-B95B-EC02730F8905}.Debug|Any CPU.Build.0 = Debug|Any CPU
		{92F509B6-93EF-4067-B95B-EC02730F8905}.Release|Any CPU.ActiveCfg = Release|Any CPU
		{92F509B6-93EF-4067-B95B-EC02730F8905}.Release|Any CPU.Build.0 = Release|Any CPU
		{3B925EA5-3B93-4208-A252-D2DF64DE0FF7}.Debug|Any CPU.ActiveCfg = Debug|Any CPU
		{3B925EA5-3B93-4208-A252-D2DF64DE0FF7}.Debug|Any CPU.Build.0 = Debug|Any CPU
		{3B925EA5-3B93-4208-A252-D2DF64DE0FF7}.Release|Any CPU.ActiveCfg = Release|Any CPU
		{3B925EA5-3B93-4208-A252-D2DF64DE0FF7}.Release|Any CPU.Build.0 = Release|Any CPU
	EndGlobalSection
	GlobalSection(SolutionProperties) = preSolution
		HideSolutionNode = FALSE
	EndGlobalSection
	GlobalSection(NestedProjects) = preSolution
		{ED1EB3C3-4322-46F0-B2D1-855630C62C56} = {5511B772-15B3-4FB9-9152-1D0E0A88870D}
	EndGlobalSection
	GlobalSection(ExtensibilityGlobals) = postSolution
		SolutionGuid = {D12FE56D-71A3-4552-90C5-8CEF290C2906}
	EndGlobalSection
EndGlobal
